{
  "version": 4,
  "terraform_version": "1.15.8",
  "serial": 51,
  "lineage": "249044c6-bdd0-786e-830b-f4c42893718a",
  "outputs": {},
  "resources": [
    {
      "mode": "managed",
      "type": "helm_release",
      "name": "cert_manager",
      "provider": "provider[\"registry.terraform.io/hashicorp/helm\"]",
      "instances": [
        {
          "schema_version": 1,
          "attributes": {
            "atomic": false,
            "chart": "cert-manager",
            "cleanup_on_fail": false,
            "create_namespace": false,
            "dependency_update": false,
            "description": "Install complete",
            "devel": null,
            "disable_crd_hooks": false,
            "disable_openapi_validation": false,
            "disable_webhooks": false,
            "force_update": false,
            "id": "cert-manager",
            "keyring": null,
            "lint": false,
            "manifest": null,
            "max_history": 0,
            "metadata": [
              {
                "app_version": "v1.20.3",
                "chart": "cert-manager",
                "first_deployed": 1782904926,
                "last_deployed": 1784801599,
                "name": "cert-manager",
                "namespace": "cert-manager",
                "notes": "\n⚠️  WARNING: `installCRDs` is deprecated, use `crds.enabled` instead.\ncert-manager v1.20.3 has been deployed successfully!\n\nIn order to begin issuing certificates, you will need to set up a ClusterIssuer\nor Issuer resource (for example, by creating a 'letsencrypt-staging' issuer).\n\nMore information on the different types of issuers and how to configure them\ncan be found in our documentation:\n\nhttps://cert-manager.io/docs/configuration/\n\nFor information on how to configure cert-manager to automatically provision\nCertificates for Ingress resources, take a look at the `ingress-shim`\ndocumentation:\n\nhttps://cert-manager.io/docs/usage/ingress/\n\nFor information on how to configure cert-manager to automatically provision\nCertificates for Gateway API resources, take a look at the `gateway resource`\ndocumentation:\n\nhttps://cert-manager.io/docs/usage/gateway/\n",
                "revision": 2,
                "values": "{\"installCRDs\":true}",
                "version": "v1.20.3"
              }
            ],
            "name": "cert-manager",
            "namespace": "cert-manager",
            "pass_credentials": false,
            "postrender": [],
            "recreate_pods": false,
            "render_subchart_notes": true,
            "replace": false,
            "repository": "https://charts.jetstack.io",
            "repository_ca_file": null,
            "repository_cert_file": null,
            "repository_key_file": null,
            "repository_password": null,
            "repository_username": null,
            "reset_values": false,
            "reuse_values": false,
            "set": [],
            "set_list": [],
            "set_sensitive": [],
            "skip_crds": false,
            "status": "deployed",
            "timeout": 300,
            "upgrade_install": null,
            "values": [
              "installCRDs: true\n"
            ],
            "verify": false,
            "version": "v1.20.3",
            "wait": true,
            "wait_for_jobs": false
          },
          "sensitive_attributes": [
            [
              {
                "type": "get_attr",
                "value": "repository_password"
              }
            ]
          ],
          "identity_schema_version": 0,
          "private": "eyJzY2hlbWFfdmVyc2lvbiI6IjEifQ==",
          "dependencies": [
            "kubernetes_namespace.cert_manager"
          ]
        }
      ]
    },
    {
      "mode": "managed",
      "type": "helm_release",
      "name": "ingress_nginx",
      "provider": "provider[\"registry.terraform.io/hashicorp/helm\"]",
      "instances": [
        {
          "schema_version": 1,
          "attributes": {
            "atomic": false,
            "chart": "ingress-nginx",
            "cleanup_on_fail": false,
            "create_namespace": false,
            "dependency_update": false,
            "description": "Install complete",
            "devel": null,
            "disable_crd_hooks": false,
            "disable_openapi_validation": false,
            "disable_webhooks": false,
            "force_update": false,
            "id": "ingress-nginx",
            "keyring": null,
            "lint": false,
            "manifest": null,
            "max_history": 0,
            "metadata": [
              {
                "app_version": "1.15.1",
                "chart": "ingress-nginx",
                "first_deployed": 1782819876,
                "last_deployed": 1784801588,
                "name": "ingress-nginx",
                "namespace": "ingress-nginx",
                "notes": "The ingress-nginx controller has been installed.\nGet the application URL by running these commands:\n  export HTTP_NODE_PORT=$(kubectl get service --namespace ingress-nginx ingress-nginx-controller --output jsonpath=\"{.spec.ports[0].nodePort}\")\n  export HTTPS_NODE_PORT=$(kubectl get service --namespace ingress-nginx ingress-nginx-controller --output jsonpath=\"{.spec.ports[1].nodePort}\")\n  export NODE_IP=\"$(kubectl get nodes --output jsonpath=\"{.items[0].status.addresses[1].address}\")\"\n\n  echo \"Visit http://${NODE_IP}:${HTTP_NODE_PORT} to access your application via HTTP.\"\n  echo \"Visit https://${NODE_IP}:${HTTPS_NODE_PORT} to access your application via HTTPS.\"\n\nAn example Ingress that makes use of the controller:\n  apiVersion: networking.k8s.io/v1\n  kind: Ingress\n  metadata:\n    name: example\n    namespace: foo\n  spec:\n    ingressClassName: nginx\n    rules:\n      - host: www.example.com\n        http:\n          paths:\n            - pathType: Prefix\n              backend:\n                service:\n                  name: exampleService\n                  port:\n                    number: 80\n              path: /\n    # This section is only required if TLS is to be enabled for the Ingress\n    tls:\n      - hosts:\n        - www.example.com\n        secretName: example-tls\n\nIf TLS is enabled for the Ingress, a Secret containing the certificate and key must also be provided:\n\n  apiVersion: v1\n  kind: Secret\n  metadata:\n    name: example-tls\n    namespace: foo\n  data:\n    tls.crt: \u003cbase64 encoded cert\u003e\n    tls.key: \u003cbase64 encoded key\u003e\n  type: kubernetes.io/tls\n",
                "revision": 2,
                "values": "{\"controller\":{\"hostNetwork\":true,\"ingressClassResource\":{\"default\":true,\"name\":\"nginx\"},\"kind\":\"DaemonSet\",\"service\":{\"type\":\"NodePort\"}}}",
                "version": "4.15.1"
              }
            ],
            "name": "ingress-nginx",
            "namespace": "ingress-nginx",
            "pass_credentials": false,
            "postrender": [],
            "recreate_pods": false,
            "render_subchart_notes": true,
            "replace": false,
            "repository": "https://kubernetes.github.io/ingress-nginx",
            "repository_ca_file": null,
            "repository_cert_file": null,
            "repository_key_file": null,
            "repository_password": null,
            "repository_username": null,
            "reset_values": false,
            "reuse_values": false,
            "set": [],
            "set_list": [],
            "set_sensitive": [],
            "skip_crds": false,
            "status": "deployed",
            "timeout": 300,
            "upgrade_install": null,
            "values": [
              "controller:\n  service:\n    type: NodePort\n  hostNetwork: true\n  kind: DaemonSet\n  ingressClassResource:\n    name: nginx\n    default: true\n"
            ],
            "verify": false,
            "version": "4.15.1",
            "wait": true,
            "wait_for_jobs": false
          },
          "sensitive_attributes": [
            [
              {
                "type": "get_attr",
                "value": "repository_password"
              }
            ]
          ],
          "identity_schema_version": 0,
          "private": "eyJzY2hlbWFfdmVyc2lvbiI6IjEifQ==",
          "dependencies": [
            "kubernetes_namespace.ingress_nginx"
          ]
        }
      ]
    },
    {
      "mode": "managed",
      "type": "helm_release",
      "name": "jenkins",
      "provider": "provider[\"registry.terraform.io/hashicorp/helm\"]",
      "instances": [
        {
          "schema_version": 1,
          "attributes": {
            "atomic": false,
            "chart": "jenkins",
            "cleanup_on_fail": false,
            "create_namespace": false,
            "dependency_update": false,
            "description": null,
            "devel": null,
            "disable_crd_hooks": false,
            "disable_openapi_validation": false,
            "disable_webhooks": false,
            "force_update": false,
            "id": "jenkins",
            "keyring": null,
            "lint": false,
            "manifest": null,
            "max_history": 0,
            "metadata": [
              {
                "app_version": "2.568.1",
                "chart": "jenkins",
                "first_deployed": 1784887251,
                "last_deployed": 1784887251,
                "name": "jenkins",
                "namespace": "jenkins",
                "notes": "1. Get your 'admin' user password by running:\n  kubectl exec --namespace jenkins -it svc/jenkins -c jenkins -- /bin/cat /run/secrets/additional/chart-admin-password \u0026\u0026 echo\n2. Visit https://jenkins.173.249.57.192.sslip.io\n\n3. Login with the password from step 1 and the username: admin\n4. Configure security realm and authorization strategy\n5. Use Jenkins Configuration as Code by specifying configScripts in your values.yaml file, see documentation: https://jenkins.173.249.57.192.sslip.io/configuration-as-code and examples: https://github.com/jenkinsci/configuration-as-code-plugin/tree/master/demos\n\nFor more information on running Jenkins on Kubernetes, visit:\nhttps://cloud.google.com/solutions/jenkins-on-container-engine\n\nFor more information about Jenkins Configuration as Code, visit:\nhttps://jenkins.io/projects/jcasc/\n\n\nNOTE: Consider using a custom image with pre-installed plugins\n",
                "revision": 1,
                "values": "{\"agent\":{\"enabled\":true},\"controller\":{\"admin\":{\"password\":\"admin\"},\"ingress\":{\"annotations\":{\"cert-manager.io/cluster-issuer\":\"letsencrypt-prod\"},\"enabled\":true,\"hostName\":\"jenkins.173.249.57.192.sslip.io\",\"ingressClassName\":\"nginx\",\"tls\":[{\"hosts\":[\"jenkins.173.249.57.192.sslip.io\"],\"secretName\":\"jenkins-tls\"}]},\"installPlugins\":[\"kubernetes\",\"workflow-aggregator\",\"git\",\"configuration-as-code\",\"docker-workflow\",\"blueocean\"],\"resources\":{\"limits\":{\"cpu\":\"1000m\",\"memory\":\"1Gi\"},\"requests\":{\"cpu\":\"500m\",\"memory\":\"512Mi\"}},\"tag\":\"\"},\"persistence\":{\"enabled\":true,\"size\":\"10Gi\",\"storageClass\":\"longhorn\"}}",
                "version": "5.9.43"
              }
            ],
            "name": "jenkins",
            "namespace": "jenkins",
            "pass_credentials": false,
            "postrender": [],
            "recreate_pods": false,
            "render_subchart_notes": true,
            "replace": false,
            "repository": "https://charts.jenkins.io",
            "repository_ca_file": null,
            "repository_cert_file": null,
            "repository_key_file": null,
            "repository_password": null,
            "repository_username": null,
            "reset_values": false,
            "reuse_values": false,
            "set": [],
            "set_list": [],
            "set_sensitive": [],
            "skip_crds": false,
            "status": "deployed",
            "timeout": 900,
            "upgrade_install": null,
            "values": [
              "controller:\n  tag: \"\"\n  admin:\n    password: admin\n\n  resources:\n    requests:\n      cpu: 500m\n      memory: 512Mi\n    limits:\n      cpu: 1000m\n      memory: 1Gi\n\n  ingress:\n    enabled: true\n    ingressClassName: \"nginx\"\n    annotations:\n      cert-manager.io/cluster-issuer: \"letsencrypt-prod\"\n    hostName: jenkins.173.249.57.192.sslip.io\n    tls:\n      - secretName: \"jenkins-tls\"\n        hosts:\n          - jenkins.173.249.57.192.sslip.io\n\n  installPlugins:\n    - kubernetes\n    - workflow-aggregator\n    - git\n    - configuration-as-code\n    - docker-workflow\n    - blueocean\n\npersistence:\n  enabled: true\n  storageClass: longhorn\n  size: 10Gi\n\nagent:\n  enabled: true\n"
            ],
            "verify": false,
            "version": "5.9.43",
            "wait": true,
            "wait_for_jobs": false
          },
          "sensitive_attributes": [
            [
              {
                "type": "get_attr",
                "value": "repository_password"
              }
            ]
          ],
          "identity_schema_version": 0,
          "private": "eyJzY2hlbWFfdmVyc2lvbiI6IjEifQ==",
          "dependencies": [
            "helm_release.longhorn",
            "kubernetes_namespace.jenkins",
            "kubernetes_namespace.longhorn"
          ]
        }
      ]
    },
    {
      "mode": "managed",
      "type": "helm_release",
      "name": "kube_prometheus_stack",
      "provider": "provider[\"registry.terraform.io/hashicorp/helm\"]",
      "instances": [
        {
          "schema_version": 1,
          "attributes": {
            "atomic": false,
            "chart": "kube-prometheus-stack",
            "cleanup_on_fail": false,
            "create_namespace": false,
            "dependency_update": false,
            "description": "Upgrade complete",
            "devel": null,
            "disable_crd_hooks": false,
            "disable_openapi_validation": false,
            "disable_webhooks": false,
            "force_update": false,
            "id": "kube-prometheus-stack",
            "keyring": null,
            "lint": false,
            "manifest": null,
            "max_history": 0,
            "metadata": [
              {
                "app_version": "v0.92.1",
                "chart": "kube-prometheus-stack",
                "first_deployed": 1782970649,
                "last_deployed": 1786603291,
                "name": "kube-prometheus-stack",
                "namespace": "monitoring",
                "notes": "kube-prometheus-stack has been installed. Check its status by running:\n  kubectl --namespace monitoring get pods -l \"release=kube-prometheus-stack\"\n\nGet Grafana 'admin' user password by running:\n\n  kubectl --namespace monitoring get secrets kube-prometheus-stack-grafana -o jsonpath=\"{.data.admin-password}\" | base64 -d ; echo\n\nAccess Grafana local instance:\n\n  export POD_NAME=$(kubectl --namespace monitoring get pod -l \"app.kubernetes.io/name=grafana,app.kubernetes.io/instance=kube-prometheus-stack\" -oname)\n  kubectl --namespace monitoring port-forward $POD_NAME 3000\n\nGet your grafana admin user password by running:\n\n  kubectl get secret --namespace monitoring -l app.kubernetes.io/component=admin-secret -o jsonpath=\"{.items[0].data.admin-password}\" | base64 --decode ; echo\n\n\nVisit https://github.com/prometheus-operator/kube-prometheus for instructions on how to create \u0026 configure Alertmanager and Prometheus instances using the Operator.\n\n1. Get your 'admin' user password by running:\n\n   kubectl get secret --namespace monitoring kube-prometheus-stack-grafana -o jsonpath=\"{.data.admin-password}\" | base64 --decode ; echo\n\n\n2. The Grafana server can be accessed via port 80 on the following DNS name from within your cluster:\n\n   kube-prometheus-stack-grafana.monitoring.svc.cluster.local\n\n   If you bind grafana to 80, please update values in values.yaml and reinstall:\n   ```\n   securityContext:\n     runAsUser: 0\n     runAsGroup: 0\n     fsGroup: 0\n\n   command:\n   - \"setcap\"\n   - \"'cap_net_bind_service=+ep'\"\n   - \"/usr/sbin/grafana-server \u0026\u0026\"\n   - \"sh\"\n   - \"/run.sh\"\n   ```\n   Details refer to https://grafana.com/docs/installation/configuration/#http-port.\n   Or grafana would always crash.\n\n   From outside the cluster, the server URL(s) are:\n     http://grafana.173.249.57.192.sslip.io\n\n3. Login with the password from step 1 and the username: admin\n\nkube-state-metrics is a simple service that listens to the Kubernetes API server and generates metrics about the state of the objects.\nThe exposed metrics can be found here:\nhttps://github.com/kubernetes/kube-state-metrics/blob/master/docs/README.md#exposed-metrics\n\nThe metrics are exported on the HTTP endpoint /metrics on the listening port.\nIn your case, kube-prometheus-stack-kube-state-metrics.monitoring.svc.cluster.local:8080/metrics\n\nThey are served either as plaintext or protobuf depending on the Accept header.\nThey are designed to be consumed either by Prometheus itself or by a scraper that is compatible with scraping a Prometheus client endpoint.\n\n1. Get the application URL by running these commands:\n  export POD_NAME=$(kubectl get pods --namespace monitoring -l \"app.kubernetes.io/name=prometheus-node-exporter,app.kubernetes.io/instance=kube-prometheus-stack\" -o jsonpath=\"{.items[0].metadata.name}\")\n  echo \"Visit http://127.0.0.1:9100 to use your application\"\n  kubectl port-forward --namespace monitoring $POD_NAME 9100",
                "revision": 7,
                "values": "{\"alertmanager\":{\"alertmanagerSpec\":{\"resources\":{\"limits\":{\"cpu\":\"200m\",\"memory\":\"256Mi\"},\"requests\":{\"cpu\":\"100m\",\"memory\":\"128Mi\"}}},\"config\":{\"global\":{\"resolve_timeout\":\"5m\"},\"receivers\":[{\"name\":\"telegram\",\"telegram_configs\":[{\"bot_token\":\"8564917508:AAHwt1XFnajnPVxWkNCy3a9gI9htujyQ7R0\",\"chat_id\":1620259665,\"massage\":\"{{ range .Alerts }}{{ .Annotations.summary }}{{ end }}\",\"parse_mode\":\"HTML\"}]}],\"route\":{\"group_by\":[\"alertname\"],\"group_interval\":\"10s\",\"group_wait\":\"10s\",\"receiver\":\"telegram\",\"repeat_interval\":\"1h\"}}},\"grafana\":{\"adminPassword\":\"admin\",\"ingress\":{\"annotations\":{\"cert-manager.io/cluster-issuer\":\"letsencrypt-prod\"},\"enabled\":true,\"hosts\":[\"grafana.173.249.57.192.sslip.io\"],\"ingressClassName\":\"nginx\",\"tls\":[{\"hosts\":[\"grafana.173.249.57.192.sslip.io\"],\"secretName\":\"grafana-tls\"}]},\"persistence\":{\"enabled\":true,\"size\":\"5Gi\",\"storageClassName\":\"longhorn\"}},\"kubeStateMetrics\":{\"enabled\":true},\"nodeExporter\":{\"enabled\":true},\"prometheus\":{\"prometheusSpec\":{\"resources\":{\"limits\":{\"cpu\":\"500m\",\"memory\":\"1Gi\"},\"requests\":{\"cpu\":\"200m\",\"memory\":\"512Mi\"}},\"retention\":\"7d\"}}}",
                "version": "87.5.1"
              }
            ],
            "name": "kube-prometheus-stack",
            "namespace": "monitoring",
            "pass_credentials": false,
            "postrender": [],
            "recreate_pods": false,
            "render_subchart_notes": true,
            "replace": false,
            "repository": "https://prometheus-community.github.io/helm-charts",
            "repository_ca_file": null,
            "repository_cert_file": null,
            "repository_key_file": null,
            "repository_password": null,
            "repository_username": null,
            "reset_values": false,
            "reuse_values": false,
            "set": [],
            "set_list": [],
            "set_sensitive": [],
            "skip_crds": false,
            "status": "deployed",
            "timeout": 300,
            "upgrade_install": null,
            "values": [
              "grafana:\n  persistence:\n    enabled: true\n    storageClassName: longhorn\n    size: 5Gi\n  adminPassword: \"admin\"\n  ingress:\n    enabled: true\n    ingressClassName: nginx\n    annotations:\n      cert-manager.io/cluster-issuer: \"letsencrypt-prod\"\n    hosts:\n      - grafana.173.249.57.192.sslip.io\n    tls:\n      - secretName: grafana-tls\n        hosts:\n          - grafana.173.249.57.192.sslip.io\nprometheus:\n  prometheusSpec:\n    retention: 7d\n    resources:\n      requests:\n        memory: 512Mi\n        cpu: 200m\n      limits:\n        memory: 1Gi\n        cpu: 500m\nalertmanager:\n  alertmanagerSpec:\n    resources:\n      requests:\n        memory: 128Mi\n        cpu: 100m\n      limits:\n        memory: 256Mi\n        cpu: 200m\n  config:\n    global:\n      resolve_timeout: 5m\n    route:\n      group_by: ['alertname']\n      group_wait: 10s\n      group_interval: 10s\n      repeat_interval: 1h\n      receiver: 'telegram'\n    receivers:\n      - name: 'telegram'\n        telegram_configs:\n          - bot_token: '8564917508:AAHwt1XFnajnPVxWkNCy3a9gI9htujyQ7R0'\n            chat_id: 1620259665\n            parse_mode: 'HTML'\n            massage: '{{ range .Alerts }}{{ .Annotations.summary }}{{ end }}'\n\nnodeExporter:\n  enabled: true\nkubeStateMetrics:\n  enabled: true\n"
            ],
            "verify": false,
            "version": "87.5.1",
            "wait": true,
            "wait_for_jobs": false
          },
          "sensitive_attributes": [
            [
              {
                "type": "get_attr",
                "value": "repository_password"
              }
            ]
          ],
          "identity_schema_version": 0,
          "private": "eyJzY2hlbWFfdmVyc2lvbiI6IjEifQ==",
          "dependencies": [
            "helm_release.longhorn",
            "kubernetes_namespace.longhorn",
            "kubernetes_namespace.monitoring"
          ]
        }
      ]
    },
    {
      "mode": "managed",
      "type": "helm_release",
      "name": "loki",
      "provider": "provider[\"registry.terraform.io/hashicorp/helm\"]",
      "instances": [
        {
          "schema_version": 1,
          "attributes": {
            "atomic": false,
            "chart": "loki",
            "cleanup_on_fail": false,
            "create_namespace": false,
            "dependency_update": false,
            "description": "Upgrade complete",
            "devel": null,
            "disable_crd_hooks": false,
            "disable_openapi_validation": false,
            "disable_webhooks": false,
            "force_update": false,
            "id": "loki",
            "keyring": null,
            "lint": false,
            "manifest": null,
            "max_history": 0,
            "metadata": [
              {
                "app_version": "3.7.3",
                "chart": "loki",
                "first_deployed": 1782988372,
                "last_deployed": 1784801660,
                "name": "loki",
                "namespace": "monitoring",
                "notes": "***********************************************************************\n Welcome to Grafana Loki\n Chart version: 18.3.1\n Chart Name: loki\n Loki version: 3.7.3\n***********************************************************************\n\n** Please be patient while the chart is being deployed **\n\nTip:\n\n  Watch the deployment status using the command: kubectl get pods -w --namespace monitoring\n\nIf pods are taking too long to schedule make sure pod affinity can be fulfilled in the current cluster.\n\n***********************************************************************\nInstalled components:\n***********************************************************************\n* loki\n\nLoki has been deployed as a single binary.\nThis means a single pod is handling reads and writes. You can scale that pod vertically by adding more CPU and memory resources.\n\n\n***********************************************************************\nSending logs to Loki\n***********************************************************************\n\nYou can send logs from inside the cluster using the cluster DNS:\n\nhttp://loki.monitoring.svc.cluster.local:3100/loki/api/v1/push\n\nYou can test to send data from outside the cluster by port-forwarding the gateway to your local machine:\n\n  kubectl port-forward --namespace monitoring svc/loki 3100:3100 \u0026\n\nAnd then using http://127.0.0.1:3100/loki/api/v1/push URL as shown below:\n\n```\ncurl -H \"Content-Type: application/json\" -XPOST -s \"http://127.0.0.1:3100/loki/api/v1/push\"  \\\n--data-raw \"{\\\"streams\\\": [{\\\"stream\\\": {\\\"job\\\": \\\"test\\\"}, \\\"values\\\": [[\\\"$(date +%s)000000000\\\", \\\"fizzbuzz\\\"]]}]}\" \\\n-H X-Scope-OrgId:foo\n```\n\nThen verify that Loki did receive the data using the following command:\n\n```\ncurl \"http://127.0.0.1:3100/loki/api/v1/query_range\" --data-urlencode 'query={job=\"test\"}' -H X-Scope-OrgId:foo | jq .data.result\n```\n\n***********************************************************************\nConnecting Grafana to Loki\n***********************************************************************\n\nIf Grafana operates within the cluster, you'll set up a new Loki datasource by utilizing the following URL:\n\nhttp://loki.monitoring.svc.cluster.local:3100/\n\n***********************************************************************\nMulti-tenancy\n***********************************************************************\n\nLoki is configured with auth enabled (multi-tenancy) and expects tenant headers (`X-Scope-OrgID`) to be set for all API calls.\n\nYou must configure Grafana's Loki datasource using the `HTTP Headers` section with the `X-Scope-OrgID` to target a specific tenant.\nFor each tenant, you can create a different datasource.\n\nThe agent of your choice must also be configured to propagate this header.\nFor example, when using Promtail you can use the `tenant` stage. https://grafana.com/docs/loki/latest/send-data/promtail/stages/tenant/\n\nWhen not provided with the `X-Scope-OrgID` while auth is enabled, Loki will reject reads and writes with a 404 status code `no org id`.\n\nYou can also use a reverse proxy, to automatically add the `X-Scope-OrgID` header as suggested by https://grafana.com/docs/loki/latest/operations/authentication/\n\nFor more information, read our documentation about multi-tenancy: https://grafana.com/docs/loki/latest/operations/multi-tenancy/\n\n\u003e When using curl you can pass `X-Scope-OrgId` header using `-H X-Scope-OrgId:foo` option, where foo can be replaced with the tenant of your choice.\n",
                "revision": 4,
                "values": "{\"backend\":{\"replicas\":0},\"bloomBuilder\":{\"replicas\":0},\"bloomGateway\":{\"replicas\":0},\"bloomPlanner\":{\"replicas\":0},\"chunksCache\":{\"enabled\":false},\"compactor\":{\"replicas\":0},\"deploymentMode\":\"Monolithic\",\"distributor\":{\"replicas\":0},\"gateway\":{\"enabled\":false},\"indexGateway\":{\"replicas\":0},\"ingester\":{\"replicas\":0},\"loki\":{\"commonConfig\":{\"replication_factor\":1},\"limits_config\":{\"allow_structured_metadata\":true,\"volume_enabled\":true},\"schemaConfig\":{\"configs\":[{\"from\":\"2024-04-01\",\"index\":{\"period\":\"24h\",\"prefix\":\"loki_index_\"},\"object_store\":\"filesystem\",\"schema\":\"v13\",\"store\":\"tsdb\"}]},\"storage\":{\"type\":\"filesystem\"}},\"minio\":{\"enabled\":false},\"querier\":{\"replicas\":0},\"queryFrontend\":{\"replicas\":0},\"queryScheduler\":{\"replicas\":0},\"read\":{\"replicas\":0},\"resultsCache\":{\"enabled\":false},\"singleBinary\":{\"persistence\":{\"enabled\":true,\"size\":\"10Gi\",\"storageClass\":\"longhorn\"},\"replicas\":1},\"write\":{\"replicas\":0}}",
                "version": "18.3.1"
              }
            ],
            "name": "loki",
            "namespace": "monitoring",
            "pass_credentials": false,
            "postrender": [],
            "recreate_pods": false,
            "render_subchart_notes": true,
            "replace": false,
            "repository": "https://grafana-community.github.io/helm-charts",
            "repository_ca_file": null,
            "repository_cert_file": null,
            "repository_key_file": null,
            "repository_password": null,
            "repository_username": null,
            "reset_values": false,
            "reuse_values": false,
            "set": [],
            "set_list": [],
            "set_sensitive": [],
            "skip_crds": false,
            "status": "deployed",
            "timeout": 300,
            "upgrade_install": null,
            "values": [
              "deploymentMode: Monolithic\n\nloki:\n  commonConfig:\n    replication_factor: 1\n  schemaConfig:\n    configs:\n      - from: \"2024-04-01\"\n        store: tsdb\n        object_store: filesystem\n        schema: v13\n        index:\n          prefix: loki_index_\n          period: 24h\n  storage:\n    type: filesystem\n  limits_config:\n    allow_structured_metadata: true\n    volume_enabled: true\n\nminio:\n  enabled: false\n\ngateway:\n  enabled: false\n\nchunksCache:\n  enabled: false\n\nresultsCache:\n  enabled: false\n\nsingleBinary:\n  replicas: 1\n  persistence:\n    enabled: true\n    size: 10Gi\n    storageClass: longhorn\n\nbackend:\n  replicas: 0\nread:\n  replicas: 0\nwrite:\n  replicas: 0\ningester:\n  replicas: 0\nquerier:\n  replicas: 0\nqueryFrontend:\n  replicas: 0\nqueryScheduler:\n  replicas: 0\ndistributor:\n  replicas: 0\ncompactor:\n  replicas: 0\nindexGateway:\n  replicas: 0\nbloomPlanner:\n  replicas: 0\nbloomBuilder:\n  replicas: 0\nbloomGateway:\n  replicas: 0\n"
            ],
            "verify": false,
            "version": "18.3.1",
            "wait": true,
            "wait_for_jobs": false
          },
          "sensitive_attributes": [
            [
              {
                "type": "get_attr",
                "value": "repository_password"
              }
            ]
          ],
          "identity_schema_version": 0,
          "private": "eyJzY2hlbWFfdmVyc2lvbiI6IjEifQ==",
          "dependencies": [
            "helm_release.longhorn",
            "kubernetes_namespace.longhorn",
            "kubernetes_namespace.monitoring"
          ]
        }
      ]
    },
    {
      "mode": "managed",
      "type": "helm_release",
      "name": "longhorn",
      "provider": "provider[\"registry.terraform.io/hashicorp/helm\"]",
      "instances": [
        {
          "schema_version": 1,
          "attributes": {
            "atomic": false,
            "chart": "longhorn",
            "cleanup_on_fail": false,
            "create_namespace": false,
            "dependency_update": false,
            "description": "Install complete",
            "devel": null,
            "disable_crd_hooks": false,
            "disable_openapi_validation": false,
            "disable_webhooks": false,
            "force_update": false,
            "id": "longhorn",
            "keyring": null,
            "lint": false,
            "manifest": null,
            "max_history": 0,
            "metadata": [
              {
                "app_version": "v1.12.0",
                "chart": "longhorn",
                "first_deployed": 1782987570,
                "last_deployed": 1784801603,
                "name": "longhorn",
                "namespace": "longhorn-system",
                "notes": "Longhorn is now installed on the cluster!\n\nPlease wait a few minutes for other Longhorn components such as CSI deployments, Engine Images, and Instance Managers to be initialized.\n\nVisit our documentation at https://longhorn.io/docs/\n",
                "revision": 2,
                "values": "{\"defaultSettings\":{\"defaultReplicaCount\":2,\"storageMinimalAvailablePercentage\":10},\"persistence\":{\"defaultClass\":true,\"defaultClassReplicaCount\":2},\"resources\":{\"limits\":{\"cpu\":\"200m\",\"memory\":\"256Mi\"},\"requests\":{\"cpu\":\"100m\",\"memory\":\"128Mi\"}}}",
                "version": "1.12.0"
              }
            ],
            "name": "longhorn",
            "namespace": "longhorn-system",
            "pass_credentials": false,
            "postrender": [],
            "recreate_pods": false,
            "render_subchart_notes": true,
            "replace": false,
            "repository": "https://charts.longhorn.io",
            "repository_ca_file": null,
            "repository_cert_file": null,
            "repository_key_file": null,
            "repository_password": null,
            "repository_username": null,
            "reset_values": false,
            "reuse_values": false,
            "set": [],
            "set_list": [],
            "set_sensitive": [],
            "skip_crds": false,
            "status": "deployed",
            "timeout": 300,
            "upgrade_install": null,
            "values": [
              "defaultSettings:\n  defaultReplicaCount: 2\n  storageMinimalAvailablePercentage: 10\n\npersistence:\n  defaultClass: true\n  defaultClassReplicaCount: 2\n\nresources:\n  requests:\n    memory: 128Mi\n    cpu: 100m\n  limits:\n    memory: 256Mi\n    cpu: 200m\n"
            ],
            "verify": false,
            "version": "1.12.0",
            "wait": true,
            "wait_for_jobs": false
          },
          "sensitive_attributes": [
            [
              {
                "type": "get_attr",
                "value": "repository_password"
              }
            ]
          ],
          "identity_schema_version": 0,
          "private": "eyJzY2hlbWFfdmVyc2lvbiI6IjEifQ==",
          "dependencies": [
            "kubernetes_namespace.longhorn"
          ]
        }
      ]
    },
    {
      "mode": "managed",
      "type": "helm_release",
      "name": "promtail",
      "provider": "provider[\"registry.terraform.io/hashicorp/helm\"]",
      "instances": [
        {
          "schema_version": 1,
          "attributes": {
            "atomic": false,
            "chart": "promtail",
            "cleanup_on_fail": false,
            "create_namespace": false,
            "dependency_update": false,
            "description": "Upgrade complete",
            "devel": null,
            "disable_crd_hooks": false,
            "disable_openapi_validation": false,
            "disable_webhooks": false,
            "force_update": false,
            "id": "promtail",
            "keyring": null,
            "lint": false,
            "manifest": null,
            "max_history": 0,
            "metadata": [
              {
                "app_version": "3.5.1",
                "chart": "promtail",
                "first_deployed": 1783402176,
                "last_deployed": 1784801677,
                "name": "promtail",
                "namespace": "monitoring",
                "notes": "***********************************************************************\n Welcome to Grafana Promtail\n Chart version: 6.17.1\n Promtail version: 3.5.1\n***********************************************************************\n\nVerify the application is working by running these commands:\n* kubectl --namespace monitoring port-forward daemonset/promtail 3101\n* curl http://127.0.0.1:3101/metrics\n",
                "revision": 4,
                "values": "{\"config\":{\"clients\":[{\"tenant_id\":\"fake\",\"url\":\"http://loki.monitoring.svc.cluster.local:3100/loki/api/v1/push\"}]},\"resources\":{\"limits\":{\"cpu\":\"100m\",\"memory\":\"256Mi\"},\"requests\":{\"cpu\":\"50m\",\"memory\":\"128Mi\"}},\"tolerations\":[{\"effect\":\"NoSchedule\",\"key\":\"node-role.kubernetes.io/control-plane\",\"operator\":\"Exists\"}]}",
                "version": "6.17.1"
              }
            ],
            "name": "promtail",
            "namespace": "monitoring",
            "pass_credentials": false,
            "postrender": [],
            "recreate_pods": false,
            "render_subchart_notes": true,
            "replace": false,
            "repository": "https://grafana.github.io/helm-charts",
            "repository_ca_file": null,
            "repository_cert_file": null,
            "repository_key_file": null,
            "repository_password": null,
            "repository_username": null,
            "reset_values": false,
            "reuse_values": false,
            "set": [],
            "set_list": [],
            "set_sensitive": [],
            "skip_crds": false,
            "status": "deployed",
            "timeout": 300,
            "upgrade_install": null,
            "values": [
              "config:\n  clients:\n    - url: http://loki.monitoring.svc.cluster.local:3100/loki/api/v1/push\n      tenant_id: fake\n\nresources:\n  requests:\n    memory: 128Mi\n    cpu: 50m\n  limits:\n    memory: 256Mi\n    cpu: 100m\n\ntolerations:\n  - key: node-role.kubernetes.io/control-plane\n    operator: Exists\n    effect: NoSchedule\n"
            ],
            "verify": false,
            "version": "6.17.1",
            "wait": true,
            "wait_for_jobs": false
          },
          "sensitive_attributes": [
            [
              {
                "type": "get_attr",
                "value": "repository_password"
              }
            ]
          ],
          "identity_schema_version": 0,
          "private": "eyJzY2hlbWFfdmVyc2lvbiI6IjEifQ==",
          "dependencies": [
            "helm_release.loki",
            "helm_release.longhorn",
            "kubernetes_namespace.longhorn",
            "kubernetes_namespace.monitoring"
          ]
        }
      ]
    },
    {
      "mode": "managed",
      "type": "helm_release",
      "name": "zabbix",
      "provider": "provider[\"registry.terraform.io/hashicorp/helm\"]",
      "instances": [
        {
          "schema_version": 1,
          "attributes": {
            "atomic": false,
            "chart": "zabbix",
            "cleanup_on_fail": false,
            "create_namespace": false,
            "dependency_update": false,
            "description": null,
            "devel": null,
            "disable_crd_hooks": false,
            "disable_openapi_validation": false,
            "disable_webhooks": false,
            "force_update": false,
            "id": "zabbix",
            "keyring": null,
            "lint": false,
            "manifest": null,
            "max_history": 0,
            "metadata": [
              {
                "app_version": "7.0.23",
                "chart": "zabbix",
                "first_deployed": 1785233307,
                "last_deployed": 1785234143,
                "name": "zabbix",
                "namespace": "zabbix",
                "notes": "Please, wait for the pods to be created. You can monitor this with the command:\n  kubectl get pods -n zabbix --watch --output-watch-events=true\nYour Zabbix installation should be reachable using this URL:\n  https://zabbix.173.249.57.192.sslip.io/\nDefault credentials =\u003e Login: Admin Password: zabbix (Change after first access!!!)\n",
                "revision": 2,
                "values": "{\"ingress\":{\"annotations\":{\"cert-manager.io/cluster-issuer\":\"letsencrypt-prod\"},\"enabled\":true,\"hosts\":[{\"host\":\"zabbix.173.249.57.192.sslip.io\",\"paths\":[{\"path\":\"/\",\"pathType\":\"Prefix\"}]}],\"ingressClassName\":\"nginx\",\"tls\":[{\"hosts\":[\"zabbix.173.249.57.192.sslip.io\"],\"secretName\":\"zabbix-tls\"}]},\"postgresql\":{\"enabled\":true,\"persistence\":{\"enabled\":true,\"size\":\"5Gi\",\"storageClass\":\"longhorn\"}},\"zabbixAgent\":{\"enabled\":true},\"zabbixServer\":{\"enabled\":true,\"resources\":{\"limits\":{\"cpu\":\"300m\",\"memory\":\"512Mi\"},\"requests\":{\"cpu\":\"100m\",\"memory\":\"256Mi\"}}},\"zabbixWeb\":{\"enabled\":true}}",
                "version": "7.1.0"
              }
            ],
            "name": "zabbix",
            "namespace": "zabbix",
            "pass_credentials": false,
            "postrender": [],
            "recreate_pods": false,
            "render_subchart_notes": true,
            "replace": false,
            "repository": "https://zabbix-community.github.io/helm-zabbix",
            "repository_ca_file": null,
            "repository_cert_file": null,
            "repository_key_file": null,
            "repository_password": null,
            "repository_username": null,
            "reset_values": false,
            "reuse_values": false,
            "set": [],
            "set_list": [],
            "set_sensitive": [],
            "skip_crds": false,
            "status": "deployed",
            "timeout": 300,
            "upgrade_install": null,
            "values": [
              "zabbixServer:\n  enabled: true\n  resources:\n    requests:\n      memory: \"256Mi\"\n      cpu: \"100m\"\n    limits:\n      memory: \"512Mi\"\n      cpu: \"300m\"\n\nzabbixWeb:\n  enabled: true\n\ningress:\n  enabled: true\n  ingressClassName: nginx\n  annotations:\n    cert-manager.io/cluster-issuer: \"letsencrypt-prod\"\n  hosts:\n    - host: zabbix.173.249.57.192.sslip.io\n      paths:\n        - path: /\n          pathType: Prefix\n  tls:\n    - secretName: zabbix-tls\n      hosts:\n        - zabbix.173.249.57.192.sslip.io\n\nzabbixAgent:\n  enabled: true\n\npostgresql:\n  enabled: true\n  persistence:\n    enabled: true\n    storageClass: longhorn\n    size: 5Gi\n"
            ],
            "verify": false,
            "version": "7.1.0",
            "wait": true,
            "wait_for_jobs": false
          },
          "sensitive_attributes": [
            [
              {
                "type": "get_attr",
                "value": "repository_password"
              }
            ]
          ],
          "identity_schema_version": 0,
          "private": "eyJzY2hlbWFfdmVyc2lvbiI6IjEifQ==",
          "dependencies": [
            "helm_release.longhorn",
            "kubernetes_namespace.longhorn",
            "kubernetes_namespace.zabbix"
          ]
        }
      ]
    },
    {
      "mode": "managed",
      "type": "kubectl_manifest",
      "name": "alert_rules",
      "provider": "provider[\"registry.terraform.io/gavinbunney/kubectl\"]",
      "instances": [
        {
          "schema_version": 1,
          "attributes": {
            "api_version": "monitoring.coreos.com/v1",
            "apply_only": false,
            "force_conflicts": false,
            "force_new": false,
            "id": "/apis/monitoring.coreos.com/v1/namespaces/monitoring/prometheusrules/custom-alerts",
            "ignore_fields": null,
            "kind": "PrometheusRule",
            "live_manifest_incluster": "f2620ae2bb2fce0ee3e9ecca9e70bb767332d41a04583b307ad11a17804d3757",
            "live_uid": "f62fddc0-f5fd-4d60-8773-b3adec1efe53",
            "name": "custom-alerts",
            "namespace": "monitoring",
            "override_namespace": null,
            "sensitive_fields": null,
            "server_side_apply": false,
            "timeouts": null,
            "uid": "f62fddc0-f5fd-4d60-8773-b3adec1efe53",
            "validate_schema": true,
            "wait": null,
            "wait_for_rollout": true,
            "yaml_body": "apiVersion: monitoring.coreos.com/v1\nkind: PrometheusRule\nmetadata:\n  name: custom-alerts\n  namespace: monitoring\n  labels:\n    release: kube-prometheus-stack\nspec:\n  groups:\n    - name: node-alerts\n      rules:\n        - alert: HighCPUUsage\n          expr: 100 - (avg by(instance) (rate(node_cpu_seconds_total{mode=\"idle\"}[5m])) * 100) \u003e 80\n          for: 2m\n          labels:\n            severity: warning\n          annotations:\n            summary: \"Yuqori CPU sarfi ({{ $labels.instance }})\"\n            description: \"CPU sarfi 80% dan oshdi: {{ $value | printf \\\"%.2f\\\" }}%\"\n\n        - alert: HighMemoryUsage\n          expr: (1 - (node_memory_MemAvailable_bytes / node_memory_MemTotal_bytes)) * 100 \u003e 85\n          for: 2m\n          labels:\n            severity: warning\n          annotations:\n            summary: \"Yuqori RAM sarfi ({{ $labels.instance }})\"\n            description: \"RAM sarfi 85% dan oshdi: {{ $value | printf \\\"%.2f\\\" }}%\"\n\n        - alert: PodCrashLooping\n          expr: rate(kube_pod_container_status_restarts_total[15m]) \u003e 0\n          for: 5m\n          labels:\n            severity: critical\n          annotations:\n            summary: \"Pod qayta-qayta o'chib-yonyapti ({{ $labels.namespace }}/{{ $labels.pod }})\"\n            description: \"Pod {{ $labels.pod }} restart bo'lyapti\"\n\n        - alert: PodNotReady\n          expr: kube_pod_status_phase{phase=~\"Pending|Unknown\"} \u003e 0\n          for: 5m\n          labels:\n            severity: warning\n          annotations:\n            summary: \"Pod tayyor emas ({{ $labels.namespace }}/{{ $labels.pod }})\"\n            description: \"Pod {{ $labels.pod }} {{ $labels.phase }} holatda\"\n",
            "yaml_body_parsed": "apiVersion: monitoring.coreos.com/v1\nkind: PrometheusRule\nmetadata:\n  labels:\n    release: kube-prometheus-stack\n  name: custom-alerts\n  namespace: monitoring\nspec:\n  groups:\n  - name: node-alerts\n    rules:\n    - alert: HighCPUUsage\n      annotations:\n        description: 'CPU sarfi 80% dan oshdi: {{ $value | printf \"%.2f\" }}%'\n        summary: Yuqori CPU sarfi ({{ $labels.instance }})\n      expr: 100 - (avg by(instance) (rate(node_cpu_seconds_total{mode=\"idle\"}[5m]))\n        * 100) \u003e 80\n      for: 2m\n      labels:\n        severity: warning\n    - alert: HighMemoryUsage\n      annotations:\n        description: 'RAM sarfi 85% dan oshdi: {{ $value | printf \"%.2f\" }}%'\n        summary: Yuqori RAM sarfi ({{ $labels.instance }})\n      expr: (1 - (node_memory_MemAvailable_bytes / node_memory_MemTotal_bytes)) *\n        100 \u003e 85\n      for: 2m\n      labels:\n        severity: warning\n    - alert: PodCrashLooping\n      annotations:\n        description: Pod {{ $labels.pod }} restart bo'lyapti\n        summary: Pod qayta-qayta o'chib-yonyapti ({{ $labels.namespace }}/{{ $labels.pod\n          }})\n      expr: rate(kube_pod_container_status_restarts_total[15m]) \u003e 0\n      for: 5m\n      labels:\n        severity: critical\n    - alert: PodNotReady\n      annotations:\n        description: Pod {{ $labels.pod }} {{ $labels.phase }} holatda\n        summary: Pod tayyor emas ({{ $labels.namespace }}/{{ $labels.pod }})\n      expr: kube_pod_status_phase{phase=~\"Pending|Unknown\"} \u003e 0\n      for: 5m\n      labels:\n        severity: warning\n",
            "yaml_incluster": "f2620ae2bb2fce0ee3e9ecca9e70bb767332d41a04583b307ad11a17804d3757"
          },
          "sensitive_attributes": [
            [
              {
                "type": "get_attr",
                "value": "live_manifest_incluster"
              }
            ],
            [
              {
                "type": "get_attr",
                "value": "yaml_body"
              }
            ],
            [
              {
                "type": "get_attr",
                "value": "yaml_incluster"
              }
            ]
          ],
          "identity_schema_version": 0,
          "private": "eyJlMmJmYjczMC1lY2FhLTExZTYtOGY4OC0zNDM2M2JjN2M0YzAiOnsiY3JlYXRlIjo2MDAwMDAwMDAwMDB9LCJzY2hlbWFfdmVyc2lvbiI6IjEifQ==",
          "dependencies": [
            "helm_release.kube_prometheus_stack",
            "helm_release.longhorn",
            "kubernetes_namespace.longhorn",
            "kubernetes_namespace.monitoring"
          ]
        }
      ]
    },
    {
      "mode": "managed",
      "type": "kubernetes_namespace",
      "name": "argocd",
      "provider": "provider[\"registry.terraform.io/hashicorp/kubernetes\"]",
      "instances": [
        {
          "schema_version": 0,
          "attributes": {
            "id": "argocd",
            "metadata": [
              {
                "annotations": {},
                "generate_name": "",
                "generation": 0,
                "labels": {},
                "name": "argocd",
                "resource_version": "5573133",
                "uid": "106dfcc2-e163-4f34-bcc8-234aa4cee839"
              }
            ],
            "timeouts": null,
            "wait_for_default_service_account": false
          },
          "sensitive_attributes": [],
          "identity_schema_version": 1,
          "identity": {
            "api_version": "v1",
            "kind": "Namespace",
            "name": "argocd"
          },
          "private": "eyJlMmJmYjczMC1lY2FhLTExZTYtOGY4OC0zNDM2M2JjN2M0YzAiOnsiZGVsZXRlIjozMDAwMDAwMDAwMDB9fQ=="
        }
      ]
    },
    {
      "mode": "managed",
      "type": "kubernetes_namespace",
      "name": "cert_manager",
      "provider": "provider[\"registry.terraform.io/hashicorp/kubernetes\"]",
      "instances": [
        {
          "schema_version": 0,
          "attributes": {
            "id": "cert-manager",
            "metadata": [
              {
                "annotations": {},
                "generate_name": "",
                "generation": 0,
                "labels": {},
                "name": "cert-manager",
                "resource_version": "5573132",
                "uid": "0335450d-b1cd-4eae-b12d-0a99753cf411"
              }
            ],
            "timeouts": null,
            "wait_for_default_service_account": false
          },
          "sensitive_attributes": [],
          "identity_schema_version": 1,
          "identity": {
            "api_version": "v1",
            "kind": "Namespace",
            "name": "cert-manager"
          },
          "private": "eyJlMmJmYjczMC1lY2FhLTExZTYtOGY4OC0zNDM2M2JjN2M0YzAiOnsiZGVsZXRlIjozMDAwMDAwMDAwMDB9fQ=="
        }
      ]
    },
    {
      "mode": "managed",
      "type": "kubernetes_namespace",
      "name": "ingress_nginx",
      "provider": "provider[\"registry.terraform.io/hashicorp/kubernetes\"]",
      "instances": [
        {
          "schema_version": 0,
          "attributes": {
            "id": "ingress-nginx",
            "metadata": [
              {
                "annotations": {},
                "generate_name": "",
                "generation": 0,
                "labels": {},
                "name": "ingress-nginx",
                "resource_version": "23044",
                "uid": "fd510dd9-ea62-4a6d-885e-3ce2292cc6df"
              }
            ],
            "timeouts": null,
            "wait_for_default_service_account": null
          },
          "sensitive_attributes": [],
          "identity_schema_version": 1,
          "identity": {
            "api_version": "v1",
            "kind": "Namespace",
            "name": "ingress-nginx"
          },
          "private": "eyJlMmJmYjczMC1lY2FhLTExZTYtOGY4OC0zNDM2M2JjN2M0YzAiOnsiZGVsZXRlIjozMDAwMDAwMDAwMDB9LCJzY2hlbWFfdmVyc2lvbiI6IjAifQ=="
        }
      ]
    },
    {
      "mode": "managed",
      "type": "kubernetes_namespace",
      "name": "jenkins",
      "provider": "provider[\"registry.terraform.io/hashicorp/kubernetes\"]",
      "instances": [
        {
          "schema_version": 0,
          "attributes": {
            "id": "jenkins",
            "metadata": [
              {
                "annotations": {},
                "generate_name": "",
                "generation": 0,
                "labels": {},
                "name": "jenkins",
                "resource_version": "5784636",
                "uid": "e0399ed5-5740-40d9-ae38-8456f756efb6"
              }
            ],
            "timeouts": null,
            "wait_for_default_service_account": false
          },
          "sensitive_attributes": [],
          "identity_schema_version": 1,
          "identity": {
            "api_version": "v1",
            "kind": "Namespace",
            "name": "jenkins"
          },
          "private": "eyJlMmJmYjczMC1lY2FhLTExZTYtOGY4OC0zNDM2M2JjN2M0YzAiOnsiZGVsZXRlIjozMDAwMDAwMDAwMDB9fQ=="
        }
      ]
    },
    {
      "mode": "managed",
      "type": "kubernetes_namespace",
      "name": "longhorn",
      "provider": "provider[\"registry.terraform.io/hashicorp/kubernetes\"]",
      "instances": [
        {
          "schema_version": 0,
          "attributes": {
            "id": "longhorn-system",
            "metadata": [
              {
                "annotations": {},
                "generate_name": "",
                "generation": 0,
                "labels": {},
                "name": "longhorn-system",
                "resource_version": "5573131",
                "uid": "e5f3a577-8eae-454c-aad5-816e8c4ef02e"
              }
            ],
            "timeouts": null,
            "wait_for_default_service_account": false
          },
          "sensitive_attributes": [],
          "identity_schema_version": 1,
          "identity": {
            "api_version": "v1",
            "kind": "Namespace",
            "name": "longhorn-system"
          },
          "private": "eyJlMmJmYjczMC1lY2FhLTExZTYtOGY4OC0zNDM2M2JjN2M0YzAiOnsiZGVsZXRlIjozMDAwMDAwMDAwMDB9fQ=="
        }
      ]
    },
    {
      "mode": "managed",
      "type": "kubernetes_namespace",
      "name": "microservices",
      "provider": "provider[\"registry.terraform.io/hashicorp/kubernetes\"]",
      "instances": [
        {
          "schema_version": 0,
          "attributes": {
            "id": "microservices",
            "metadata": [
              {
                "annotations": {},
                "generate_name": "",
                "generation": 0,
                "labels": {},
                "name": "microservices",
                "resource_version": "4614",
                "uid": "3adae1a8-eb3c-463f-bca9-afdd8c02d911"
              }
            ],
            "timeouts": null,
            "wait_for_default_service_account": null
          },
          "sensitive_attributes": [],
          "identity_schema_version": 1,
          "identity": {
            "api_version": "v1",
            "kind": "Namespace",
            "name": "microservices"
          },
          "private": "eyJlMmJmYjczMC1lY2FhLTExZTYtOGY4OC0zNDM2M2JjN2M0YzAiOnsiZGVsZXRlIjozMDAwMDAwMDAwMDB9LCJzY2hlbWFfdmVyc2lvbiI6IjAifQ=="
        }
      ]
    },
    {
      "mode": "managed",
      "type": "kubernetes_namespace",
      "name": "monitoring",
      "provider": "provider[\"registry.terraform.io/hashicorp/kubernetes\"]",
      "instances": [
        {
          "schema_version": 0,
          "attributes": {
            "id": "monitoring",
            "metadata": [
              {
                "annotations": {},
                "generate_name": "",
                "generation": 0,
                "labels": {},
                "name": "monitoring",
                "resource_version": "5573134",
                "uid": "a665b608-8885-469e-b1e6-5d5ceaefd60a"
              }
            ],
            "timeouts": null,
            "wait_for_default_service_account": false
          },
          "sensitive_attributes": [],
          "identity_schema_version": 1,
          "identity": {
            "api_version": "v1",
            "kind": "Namespace",
            "name": "monitoring"
          },
          "private": "eyJlMmJmYjczMC1lY2FhLTExZTYtOGY4OC0zNDM2M2JjN2M0YzAiOnsiZGVsZXRlIjozMDAwMDAwMDAwMDB9fQ=="
        }
      ]
    },
    {
      "mode": "managed",
      "type": "kubernetes_namespace",
      "name": "zabbix",
      "provider": "provider[\"registry.terraform.io/hashicorp/kubernetes\"]",
      "instances": [
        {
          "schema_version": 0,
          "attributes": {
            "id": "zabbix",
            "metadata": [
              {
                "annotations": {},
                "generate_name": "",
                "generation": 0,
                "labels": {},
                "name": "zabbix",
                "resource_version": "6824988",
                "uid": "0fb0bbc5-8ca2-483f-a8e1-0a2055a84f7d"
              }
            ],
            "timeouts": null,
            "wait_for_default_service_account": false
          },
          "sensitive_attributes": [],
          "identity_schema_version": 1,
          "identity": {
            "api_version": "v1",
            "kind": "Namespace",
            "name": "zabbix"
          },
          "private": "eyJlMmJmYjczMC1lY2FhLTExZTYtOGY4OC0zNDM2M2JjN2M0YzAiOnsiZGVsZXRlIjozMDAwMDAwMDAwMDB9fQ=="
        }
      ]
    }
  ],
  "check_results": null
}
